
Microsoft Visual Studio Solution File, Format Version 12.00
# Visual Studio Version 17
VisualStudioVersion = 17.0.31903.59
MinimumVisualStudioVersion = 10.0.40219.1
Project("{2150E333-8FDC-42A3-9474-1A3956D46DE8}") = "src", "src", "{827E0CD3-B72D-47B6-A68D-7590B98EB39B}"
EndProject
Project("{FAE04EC0-301F-11D3-BF4B-00C04F79EFBC}") = "MantisZip.Core", "src\MantisZip.Core\MantisZip.Core.csproj", "{49156179-C4EF-4070-ABB4-2A29F9D75835}"
EndProject
Project("{FAE04EC0-301F-11D3-BF4B-00C04F79EFBC}") = "MantisZip.UI", "src\MantisZip.UI\MantisZip.UI.csproj", "{C0F972DE-DB0F-4BE1-BB1C-91D5EC1E49F7}"
EndProject
Project("{2150E333-8FDC-42A3-9474-1A3956D46DE8}") = "tests", "tests", "{0AB3BF05-4346-4AA6-1389-037BE0695223}"
EndProject
Project("{FAE04EC0-301F-11D3-BF4B-00C04F79EFBC}") = "MantisZip.Tests", "tests\MantisZip.Tests\MantisZip.Tests.csproj", "{83680512-FFDC-4128-AF41-AB1DD4C06F48}"
EndProject
Project("{FAE04EC0-301F-11D3-BF4B-00C04F79EFBC}") = "MantisZip.ShellExt", "src\MantisZip.ShellExt\MantisZip.ShellExt.csproj", "{8C98FFE3-31AC-4D29-8371-D955FD427D39}"
EndProject
Global
	GlobalSection(SolutionConfigurationPlatforms) = preSolution
		Debug|Any CPU = Debug|Any CPU
		Debug|x64 = Debug|x64
		Debug|x86 = Debug|x86
		Release|Any CPU = Release|Any CPU
		Release|x64 = Release|x64
		Release|x86 = Release|x86
	EndGlobalSection
	GlobalSection(ProjectConfigurationPlatforms) = postSolution
		{49156179-C4EF-4070-ABB4-2A29F9D75835}.Debug|Any CPU.ActiveCfg = Debug|Any CPU
		{49156179-C4EF-4070-ABB4-2A29F9D75835}.Debug|Any CPU.Build.0 = Debug|Any CPU
		{49156179-C4EF-4070-ABB4-2A29F9D75835}.Debug|x64.ActiveCfg = Debug|Any CPU
		{49156179-C4EF-4070-ABB4-2A29F9D75835}.Debug|x64.Build.0 = Debug|Any CPU
		{49156179-C4EF-4070-ABB4-2A29F9D75835}.Debug|x86.ActiveCfg = Debug|Any CPU
		{49156179-C4EF-4070-ABB4-2A29F9D75835}.Debug|x86.Build.0 = Debug|Any CPU
		{49156179-C4EF-4070-ABB4-2A29F9D75835}.Release|Any CPU.ActiveCfg = Release|Any CPU
		{49156179-C4EF-4070-ABB4-2A29F9D75835}.Release|Any CPU.Build.0 = Release|Any CPU
		{49156179-C4EF-4070-ABB4-2A29F9D75835}.Release|x64.ActiveCfg = Release|Any CPU
		{49156179-C4EF-4070-ABB4-2A29F9D75835}.Release|x64.Build.0 = Release|Any CPU
		{49156179-C4EF-4070-ABB4-2A29F9D75835}.Release|x86.ActiveCfg = Release|Any CPU
		{49156179-C4EF-4070-ABB4-2A29F9D75835}.Release|x86.Build.0 = Release|Any CPU
		{C0F972DE-DB0F-4BE1-BB1C-91D5EC1E49F7}.Debug|Any CPU.ActiveCfg = Debug|Any CPU
		{C0F972DE-DB0F-4BE1-BB1C-91D5EC1E49F7}.Debug|Any CPU.Build.0 = Debug|Any CPU
		{C0F972DE-DB0F-4BE1-BB1C-91D5EC1E49F7}.Debug|x64.ActiveCfg = Debug|Any CPU
		{C0F972DE-DB0F-4BE1-BB1C-91D5EC1E49F7}.Debug|x64.Build.0 = Debug|Any CPU
		{C0F972DE-DB0F-4BE1-BB1C-91D5EC1E49F7}.Debug|x86.ActiveCfg = Debug|Any CPU
		{C0F972DE-DB0F-4BE1-BB1C-91D5EC1E49F7}.Debug|x86.Build.0 = Debug|Any CPU
		{C0F972DE-DB0F-4BE1-BB1C-91D5EC1E49F7}.Release|Any CPU.ActiveCfg = Release|Any CPU
		{C0F972DE-DB0F-4BE1-BB1C-91D5EC1E49F7}.Release|Any CPU.Build.0 = Release|Any CPU
		{C0F972DE-DB0F-4BE1-BB1C-91D5EC1E49F7}.Release|x64.ActiveCfg = Release|Any CPU
		{C0F972DE-DB0F-4BE1-BB1C-91D5EC1E49F7}.Release|x64.Build.0 = Release|Any CPU
		{C0F972DE-DB0F-4BE1-BB1C-91D5EC1E49F7}.Release|x86.ActiveCfg = Release|Any CPU
		{C0F972DE-DB0F-4BE1-BB1C-91D5EC1E49F7}.Release|x86.Build.0 = Release|Any CPU
		{83680512-FFDC-4128-AF41-AB1DD4C06F48}.Debug|Any CPU.ActiveCfg = Debug|Any CPU
		{83680512-FFDC-4128-AF41-AB1DD4C06F48}.Debug|Any CPU.Build.0 = Debug|Any CPU
		{83680512-FFDC-4128-AF41-AB1DD4C06F48}.Debug|x64.ActiveCfg = Debug|Any CPU
		{83680512-FFDC-4128-AF41-AB1DD4C06F48}.Debug|x64.Build.0 = Debug|Any CPU
		{83680512-FFDC-4128-AF41-AB1DD4C06F48}.Debug|x86.ActiveCfg = Debug|Any CPU
		{83680512-FFDC-4128-AF41-AB1DD4C06F48}.Debug|x86.Build.0 = Debug|Any CPU
		{83680512-FFDC-4128-AF41-AB1DD4C06F48}.Release|Any CPU.ActiveCfg = Release|Any CPU
		{83680512-FFDC-4128-AF41-AB1DD4C06F48}.Release|Any CPU.Build.0 = Release|Any CPU
		{83680512-FFDC-4128-AF41-AB1DD4C06F48}.Release|x64.ActiveCfg = Release|Any CPU
		{83680512-FFDC-4128-AF41-AB1DD4C06F48}.Release|x64.Build.0 = Release|Any CPU
		{83680512-FFDC-4128-AF41-AB1DD4C06F48}.Release|x86.ActiveCfg = Release|Any CPU
		{83680512-FFDC-4128-AF41-AB1DD4C06F48}.Release|x86.Build.0 = Release|Any CPU
		{8C98FFE3-31AC-4D29-8371-D955FD427D39}.Debug|Any CPU.ActiveCfg = Debug|Any CPU
		{8C98FFE3-31AC-4D29-8371-D955FD427D39}.Debug|Any CPU.Build.0 = Debug|Any CPU
		{8C98FFE3-31AC-4D29-8371-D955FD427D39}.Debug|x64.ActiveCfg = Debug|Any CPU
		{8C98FFE3-31AC-4D29-8371-D955FD427D39}.Debug|x64.Build.0 = Debug|Any CPU
		{8C98FFE3-31AC-4D29-8371-D955FD427D39}.Debug|x86.ActiveCfg = Debug|Any CPU
		{8C98FFE3-31AC-4D29-8371-D955FD427D39}.Debug|x86.Build.0 = Debug|Any CPU
		{8C98FFE3-31AC-4D29-8371-D955FD427D39}.Release|Any CPU.ActiveCfg = Release|Any CPU
		{8C98FFE3-31AC-4D29-8371-D955FD427D39}.Release|Any CPU.Build.0 = Release|Any CPU
		{8C98FFE3-31AC-4D29-8371-D955FD427D39}.Release|x64.ActiveCfg = Release|Any CPU
		{8C98FFE3-31AC-4D29-8371-D955FD427D39}.Release|x64.Build.0 = Release|Any CPU
		{8C98FFE3-31AC-4D29-8371-D955FD427D39}.Release|x86.ActiveCfg = Release|Any CPU
		{8C98FFE3-31AC-4D29-8371-D955FD427D39}.Release|x86.Build.0 = Release|Any CPU
	EndGlobalSection
	GlobalSection(SolutionProperties) = preSolution
		HideSolutionNode = FALSE
	EndGlobalSection
	GlobalSection(NestedProjects) = preSolution
		{49156179-C4EF-4070-ABB4-2A29F9D75835} = {827E0CD3-B72D-47B6-A68D-7590B98EB39B}
		{C0F972DE-DB0F-4BE1-BB1C-91D5EC1E49F7} = {827E0CD3-B72D-47B6-A68D-7590B98EB39B}
		{83680512-FFDC-4128-AF41-AB1DD4C06F48} = {0AB3BF05-4346-4AA6-1389-037BE0695223}
		{8C98FFE3-31AC-4D29-8371-D955FD427D39} = {827E0CD3-B72D-47B6-A68D-7590B98EB39B}
	EndGlobalSection
EndGlobal
